
Microsoft Visual Studio Solution File, Format Version 12.00
# Visual Studio Version 16
VisualStudioVersion = 16.0.31321.278
MinimumVisualStudioVersion = 10.0.40219.1
Project("{9A19103F-16F7-4668-BE54-9A1E7A4F7556}") = "MovieShopMVC", "MovieShopMVC\MovieShopMVC.csproj", "{C5D14C45-BC78-4D65-9353-695046952CE7}"
EndProject
Project("{9A19103F-16F7-4668-BE54-9A1E7A4F7556}") = "ApplicationCore", "ApplicationCore\ApplicationCore.csproj", "{3C7408EB-770A-4339-A281-2B6BBAF1E936}"
EndProject
Project("{9A19103F-16F7-4668-BE54-9A1E7A4F7556}") = "Infrastructure", "Infrastructure\Infrastructure.csproj", "{4B651B89-BF4B-4CA7-8578-C443D92BA02B}"
EndProject
Project("{FAE04EC0-301F-11D3-BF4B-00C04F79EFBC}") = "MovieShopAPI", "MovieShopAPI\MovieShopAPI.csproj", "{3E446219-E038-44B2-BFE9-60C8DF4B81C4}"
EndProject
Global
	GlobalSection(SolutionConfigurationPlatforms) = preSolution
		Debug|Any CPU = Debug|Any CPU
		Release|Any CPU = Release|Any CPU
	EndGlobalSection
	GlobalSection(ProjectConfigurationPlatforms) = postSolution
		{C5D14C45-BC78-4D65-9353-695046952CE7}.Debug|Any CPU.ActiveCfg = Debug|Any CPU
		{C5D14C45-BC78-4D65-9353-695046952CE7}.Debug|Any CPU.Build.0 = Debug|Any CPU
		{C5D14C45-BC78-4D65-9353-695046952CE7}.Release|Any CPU.ActiveCfg = Release|Any CPU
		{C5D14C45-BC78-4D65-9353-695046952CE7}.Release|Any CPU.Build.0 = Release|Any CPU
		{3C7408EB-770A-4339-A281-2B6BBAF1E936}.Debug|Any CPU.ActiveCfg = Debug|Any CPU
		{3C7408EB-770A-4339-A281-2B6BBAF1E936}.Debug|Any CPU.Build.0 = Debug|Any CPU
		{3C7408EB-770A-4339-A281-2B6BBAF1E936}.Release|Any CPU.ActiveCfg = Release|Any CPU
		{3C7408EB-770A-4339-A281-2B6BBAF1E936}.Release|Any CPU.Build.0 = Release|Any CPU
		{4B651B89-BF4B-4CA7-8578-C443D92BA02B}.Debug|Any CPU.ActiveCfg = Debug|Any CPU
		{4B651B89-BF4B-4CA7-8578-C443D92BA02B}.Debug|Any CPU.Build.0 = Debug|Any CPU
		{4B651B89-BF4B-4CA7-8578-C443D92BA02B}.Release|Any CPU.ActiveCfg = Release|Any CPU
		{4B651B89-BF4B-4CA7-8578-C443D92BA02B}.Release|Any CPU.Build.0 = Release|Any CPU
		{3E446219-E038-44B2-BFE9-60C8DF4B81C4}.Debug|Any CPU.ActiveCfg = Debug|Any CPU
		{3E446219-E038-44B2-BFE9-60C8DF4B81C4}.Debug|Any CPU.Build.0 = Debug|Any CPU
		{3E446219-E038-44B2-BFE9-60C8DF4B81C4}.Release|Any CPU.ActiveCfg = Release|Any CPU
		{3E446219-E038-44B2-BFE9-60C8DF4B81C4}.Release|Any CPU.Build.0 = Release|Any CPU
	EndGlobalSection
	GlobalSection(SolutionProperties) = preSolution
		HideSolutionNode = FALSE
	EndGlobalSection
	GlobalSection(ExtensibilityGlobals) = postSolution
		SolutionGuid = {4B4BD269-94E0-4D23-94DF-D73993D5A073}
	EndGlobalSection
EndGlobal
