
Microsoft Visual Studio Solution File, Format Version 12.00
# Visual Studio Version 16
VisualStudioVersion = 16.0.31321.278
MinimumVisualStudioVersion = 10.0.40219.1
Project("{FAE04EC0-301F-11D3-BF4B-00C04F79EFBC}") = "Antra.CompanyApp.ConsoleApp", "Antra.CompanyApp.ConsoleApp\Antra.CompanyApp.ConsoleApp.csproj", "{2DC9EE80-0C2C-4242-8562-A266D0AE1282}"
EndProject
Project("{FAE04EC0-301F-11D3-BF4B-00C04F79EFBC}") = "Antra.CompanyApp.Data.Model", "Antra.CompanyApp.Data.Model\Antra.CompanyApp.Data.Model.csproj", "{44782F7E-4081-4299-BD5E-83BD08F51088}"
EndProject
Project("{FAE04EC0-301F-11D3-BF4B-00C04F79EFBC}") = "Antra.CompanyApp.Data.Repository", "Antra.CompanyApp.Data.Repository\Antra.CompanyApp.Data.Repository.csproj", "{0EA42980-ADA7-4B6F-A026-7E5F37278EA5}"
EndProject
Global
	GlobalSection(SolutionConfigurationPlatforms) = preSolution
		Debug|Any CPU = Debug|Any CPU
		Release|Any CPU = Release|Any CPU
	EndGlobalSection
	GlobalSection(ProjectConfigurationPlatforms) = postSolution
		{2DC9EE80-0C2C-4242-8562-A266D0AE1282}.Debug|Any CPU.ActiveCfg = Debug|Any CPU
		{2DC9EE80-0C2C-4242-8562-A266D0AE1282}.Debug|Any CPU.Build.0 = Debug|Any CPU
		{2DC9EE80-0C2C-4242-8562-A266D0AE1282}.Release|Any CPU.ActiveCfg = Release|Any CPU
		{2DC9EE80-0C2C-4242-8562-A266D0AE1282}.Release|Any CPU.Build.0 = Release|Any CPU
		{44782F7E-4081-4299-BD5E-83BD08F51088}.Debug|Any CPU.ActiveCfg = Debug|Any CPU
		{44782F7E-4081-4299-BD5E-83BD08F51088}.Debug|Any CPU.Build.0 = Debug|Any CPU
		{44782F7E-4081-4299-BD5E-83BD08F51088}.Release|Any CPU.ActiveCfg = Release|Any CPU
		{44782F7E-4081-4299-BD5E-83BD08F51088}.Release|Any CPU.Build.0 = Release|Any CPU
		{0EA42980-ADA7-4B6F-A026-7E5F37278EA5}.Debug|Any CPU.ActiveCfg = Debug|Any CPU
		{0EA42980-ADA7-4B6F-A026-7E5F37278EA5}.Debug|Any CPU.Build.0 = Debug|Any CPU
		{0EA42980-ADA7-4B6F-A026-7E5F37278EA5}.Release|Any CPU.ActiveCfg = Release|Any CPU
		{0EA42980-ADA7-4B6F-A026-7E5F37278EA5}.Release|Any CPU.Build.0 = Release|Any CPU
	EndGlobalSection
	GlobalSection(SolutionProperties) = preSolution
		HideSolutionNode = FALSE
	EndGlobalSection
	GlobalSection(ExtensibilityGlobals) = postSolution
		SolutionGuid = {4817E14F-1013-4E23-A800-03CB59D69362}
	EndGlobalSection
EndGlobal
